// !$*UTF8*$!
{
	archiveVersion = 1;
	classes = {
	};
	objectVersion = 77;
	objects = {

/* Begin PBXContainerItemProxy section */
		AB059EFA2E76F17C00CE05EC /* PBXContainerItemProxy */ = {
			isa = PBXContainerItemProxy;
			containerPortal = AB059ED82E76F17A00CE05EC /* Project object */;
			proxyType = 1;
			remoteGlobalIDString = AB059EDF2E76F17A00CE05EC;
			remoteInfo = "Hopper: Rise Up";
		};
		AB059F042E76F17C00CE05EC /* PBXContainerItemProxy */ = {
			isa = PBXContainerItemProxy;
			containerPortal = AB059ED82E76F17A00CE05EC /* Project object */;
			proxyType = 1;
			remoteGlobalIDString = AB059EDF2E76F17A00CE05EC;
			remoteInfo = "Hopper: Rise Up";
		};
/* End PBXContainerItemProxy section */

/* Begin PBXFileReference section */
		AB059EE02E76F17A00CE05EC /* Hopper: Rise Up.app */ = {isa = PBXFileReference; explicitFileType = wrapper.application; includeInIndex = 0; path = "Hopper: Rise Up.app"; sourceTree = BUILT_PRODUCTS_DIR; };
		AB059EF92E76F17C00CE05EC /* Hopper: Rise UpTests.xctest */ = {isa = PBXFileReference; explicitFileType = wrapper.cfbundle; includeInIndex = 0; path = "Hopper: Rise UpTests.xctest"; sourceTree = BUILT_PRODUCTS_DIR; };
		AB059F032E76F17C00CE05EC /* Hopper: Rise UpUITests.xctest */ = {isa = PBXFileReference; explicitFileType = wrapper.cfbundle; includeInIndex = 0; path = "Hopper: Rise UpUITests.xctest"; sourceTree = BUILT_PRODUCTS_DIR; };
/* End PBXFileReference section */

/* Begin PBXFileSystemSynchronizedRootGroup section */
		AB059EE22E76F17A00CE05EC /* Hopper: Rise Up */ = {
			isa = PBXFileSystemSynchronizedRootGroup;
			path = "Hopper: Rise Up";
			sourceTree = "<group>";
		};
		AB059EFC2E76F17C00CE05EC /* Hopper: Rise UpTests */ = {
			isa = PBXFileSystemSynchronizedRootGroup;
			path = "Hopper: Rise UpTests";
			sourceTree = "<group>";
		};
		AB059F062E76F17C00CE05EC /* Hopper: Rise UpUITests */ = {
			isa = PBXFileSystemSynchronizedRootGroup;
			path = "Hopper: Rise UpUITests";
			sourceTree = "<group>";
		};
/* End PBXFileSystemSynchronizedRootGroup section */

/* Begin PBXFrameworksBuildPhase section */
		AB059EDD2E76F17A00CE05EC /* Frameworks */ = {
			isa = PBXFrameworksBuildPhase;
			buildActionMask = 2147483647;
			files = (
			);
			runOnlyForDeploymentPostprocessing = 0;
		};
		AB059EF62E76F17C00CE05EC /* Frameworks */ = {
			isa = PBXFrameworksBuildPhase;
			buildActionMask = 2147483647;
			files = (
			);
			runOnlyForDeploymentPostprocessing = 0;
		};
		AB059F002E76F17C00CE05EC /* Frameworks */ = {
			isa = PBXFrameworksBuildPhase;
			buildActionMask = 2147483647;
			files = (
			);
			runOnlyForDeploymentPostprocessing = 0;
		};
/* End PBXFrameworksBuildPhase section */

/* Begin PBXGroup section */
		AB059ED72E76F17A00CE05EC = {
			isa = PBXGroup;
			children = (
				AB059EE22E76F17A00CE05EC /* Hopper: Rise Up */,
				AB059EFC2E76F17C00CE05EC /* Hopper: Rise UpTests */,
				AB059F062E76F17C00CE05EC /* Hopper: Rise UpUITests */,
				AB059EE12E76F17A00CE05EC /* Products */,
			);
			sourceTree = "<group>";
		};
		AB059EE12E76F17A00CE05EC /* Products */ = {
			isa = PBXGroup;
			children = (
				AB059EE02E76F17A00CE05EC /* Hopper: Rise Up.app */,
				AB059EF92E76F17C00CE05EC /* Hopper: Rise UpTests.xctest */,
				AB059F032E76F17C00CE05EC /* Hopper: Rise UpUITests.xctest */,
			);
			name = Products;
			sourceTree = "<group>";
		};
/* End PBXGroup section */

/* Begin PBXNativeTarget section */
		AB059EDF2E76F17A00CE05EC /* Hopper: Rise Up */ = {
			isa = PBXNativeTarget;
			buildConfigurationList = AB059F0D2E76F17C00CE05EC /* Build configuration list for PBXNativeTarget "Hopper: Rise Up" */;
			buildPhases = (
				AB059EDC2E76F17A00CE05EC /* Sources */,
				AB059EDD2E76F17A00CE05EC /* Frameworks */,
				AB059EDE2E76F17A00CE05EC /* Resources */,
			);
			buildRules = (
			);
			dependencies = (
			);
			fileSystemSynchronizedGroups = (
				AB059EE22E76F17A00CE05EC /* Hopper: Rise Up */,
			);
			name = "Hopper: Rise Up";
			packageProductDependencies = (
			);
			productName = "Hopper: Rise Up";
			productReference = AB059EE02E76F17A00CE05EC /* Hopper: Rise Up.app */;
			productType = "com.apple.product-type.application";
		};
		AB059EF82E76F17C00CE05EC /* Hopper: Rise UpTests */ = {
			isa = PBXNativeTarget;
			buildConfigurationList = AB059F102E76F17C00CE05EC /* Build configuration list for PBXNativeTarget "Hopper: Rise UpTests" */;
			buildPhases = (
				AB059EF52E76F17C00CE05EC /* Sources */,
				AB059EF62E76F17C00CE05EC /* Frameworks */,
				AB059EF72E76F17C00CE05EC /* Resources */,
			);
			buildRules = (
			);
			dependencies = (
				AB059EFB2E76F17C00CE05EC /* PBXTargetDependency */,
			);
			fileSystemSynchronizedGroups = (
				AB059EFC2E76F17C00CE05EC /* Hopper: Rise UpTests */,
			);
			name = "Hopper: Rise UpTests";
			packageProductDependencies = (
			);
			productName = "Hopper: Rise UpTests";
			productReference = AB059EF92E76F17C00CE05EC /* Hopper: Rise UpTests.xctest */;
			productType = "com.apple.product-type.bundle.unit-test";
		};
		AB059F022E76F17C00CE05EC /* Hopper: Rise UpUITests */ = {
			isa = PBXNativeTarget;
			buildConfigurationList = AB059F132E76F17C00CE05EC /* Build configuration list for PBXNativeTarget "Hopper: Rise UpUITests" */;
			buildPhases = (
				AB059EFF2E76F17C00CE05EC /* Sources */,
				AB059F002E76F17C00CE05EC /* Frameworks */,
				AB059F012E76F17C00CE05EC /* Resources */,
			);
			buildRules = (
			);
			dependencies = (
				AB059F052E76F17C00CE05EC /* PBXTargetDependency */,
			);
			fileSystemSynchronizedGroups = (
				AB059F062E76F17C00CE05EC /* Hopper: Rise UpUITests */,
			);
			name = "Hopper: Rise UpUITests";
			packageProductDependencies = (
			);
			productName = "Hopper: Rise UpUITests";
			productReference = AB059F032E76F17C00CE05EC /* Hopper: Rise UpUITests.xctest */;
			productType = "com.apple.product-type.bundle.ui-testing";
		};
/* End PBXNativeTarget section */

/* Begin PBXProject section */
		AB059ED82E76F17A00CE05EC /* Project object */ = {
			isa = PBXProject;
			attributes = {
				BuildIndependentTargetsInParallel = 1;
				LastSwiftUpdateCheck = 1640;
				LastUpgradeCheck = 1640;
				TargetAttributes = {
					AB059EDF2E76F17A00CE05EC = {
						CreatedOnToolsVersion = 16.4;
					};
					AB059EF82E76F17C00CE05EC = {
						CreatedOnToolsVersion = 16.4;
						TestTargetID = AB059EDF2E76F17A00CE05EC;
					};
					AB059F022E76F17C00CE05EC = {
						CreatedOnToolsVersion = 16.4;
						TestTargetID = AB059EDF2E76F17A00CE05EC;
					};
				};
			};
			buildConfigurationList = AB059EDB2E76F17A00CE05EC /* Build configuration list for PBXProject "Hopper: Rise Up" */;
			developmentRegion = en;
			hasScannedForEncodings = 0;
			knownRegions = (
				en,
				Base,
			);
			mainGroup = AB059ED72E76F17A00CE05EC;
			minimizedProjectReferenceProxies = 1;
			preferredProjectObjectVersion = 77;
			productRefGroup = AB059EE12E76F17A00CE05EC /* Products */;
			projectDirPath = "";
			projectRoot = "";
			targets = (
				AB059EDF2E76F17A00CE05EC /* Hopper: Rise Up */,
				AB059EF82E76F17C00CE05EC /* Hopper: Rise UpTests */,
				AB059F022E76F17C00CE05EC /* Hopper: Rise UpUITests */,
			);
		};
/* End PBXProject section */

/* Begin PBXResourcesBuildPhase section */
		AB059EDE2E76F17A00CE05EC /* Resources */ = {
			isa = PBXResourcesBuildPhase;
			buildActionMask = 2147483647;
			files = (
			);
			runOnlyForDeploymentPostprocessing = 0;
		};
		AB059EF72E76F17C00CE05EC /* Resources */ = {
			isa = PBXResourcesBuildPhase;
			buildActionMask = 2147483647;
			files = (
			);
			runOnlyForDeploymentPostprocessing = 0;
		};
		AB059F012E76F17C00CE05EC /* Resources */ = {
			isa = PBXResourcesBuildPhase;
			buildActionMask = 2147483647;
			files = (
			);
			runOnlyForDeploymentPostprocessing = 0;
		};
/* End PBXResourcesBuildPhase section */

/* Begin PBXSourcesBuildPhase section */
		AB059EDC2E76F17A00CE05EC /* Sources */ = {
			isa = PBXSourcesBuildPhase;
			buildActionMask = 2147483647;
			files = (
			);
			runOnlyForDeploymentPostprocessing = 0;
		};
		AB059EF52E76F17C00CE05EC /* Sources */ = {
			isa = PBXSourcesBuildPhase;
			buildActionMask = 2147483647;
			files = (
			);
			runOnlyForDeploymentPostprocessing = 0;
		};
		AB059EFF2E76F17C00CE05EC /* Sources */ = {
			isa = PBXSourcesBuildPhase;
			buildActionMask = 2147483647;
			files = (
			);
			runOnlyForDeploymentPostprocessing = 0;
		};
/* End PBXSourcesBuildPhase section */

/* Begin PBXTargetDependency section */
		AB059EFB2E76F17C00CE05EC /* PBXTargetDependency */ = {
			isa = PBXTargetDependency;
			target = AB059EDF2E76F17A00CE05EC /* Hopper: Rise Up */;
			targetProxy = AB059EFA2E76F17C00CE05EC /* PBXContainerItemProxy */;
		};
		AB059F052E76F17C00CE05EC /* PBXTargetDependency */ = {
			isa = PBXTargetDependency;
			target = AB059EDF2E76F17A00CE05EC /* Hopper: Rise Up */;
			targetProxy = AB059F042E76F17C00CE05EC /* PBXContainerItemProxy */;
		};
/* End PBXTargetDependency section */

/* Begin XCBuildConfiguration section */
		AB059F0B2E76F17C00CE05EC /* Debug */ = {
			isa = XCBuildConfiguration;
			buildSettings = {
				ALWAYS_SEARCH_USER_PATHS = NO;
				ASSETCATALOG_COMPILER_GENERATE_SWIFT_ASSET_SYMBOL_EXTENSIONS = YES;
				CLANG_ANALYZER_NONNULL = YES;
				CLANG_ANALYZER_NUMBER_OBJECT_CONVERSION = YES_AGGRESSIVE;
				CLANG_CXX_LANGUAGE_STANDARD = "gnu++20";
				CLANG_ENABLE_MODULES = YES;
				CLANG_ENABLE_OBJC_ARC = YES;
				CLANG_ENABLE_OBJC_WEAK = YES;
				CLANG_WARN_BLOCK_CAPTURE_AUTORELEASING = YES;
				CLANG_WARN_BOOL_CONVERSION = YES;
				CLANG_WARN_COMMA = YES;
				CLANG_WARN_CONSTANT_CONVERSION = YES;
				CLANG_WARN_DEPRECATED_OBJC_IMPLEMENTATIONS = YES;
				CLANG_WARN_DIRECT_OBJC_ISA_USAGE = YES_ERROR;
				CLANG_WARN_DOCUMENTATION_COMMENTS = YES;
				CLANG_WARN_EMPTY_BODY = YES;
				CLANG_WARN_ENUM_CONVERSION = YES;
				CLANG_WARN_INFINITE_RECURSION = YES;
				CLANG_WARN_INT_CONVERSION = YES;
				CLANG_WARN_NON_LITERAL_NULL_CONVERSION = YES;
				CLANG_WARN_OBJC_IMPLICIT_RETAIN_SELF = YES;
				CLANG_WARN_OBJC_LITERAL_CONVERSION = YES;
				CLANG_WARN_OBJC_ROOT_CLASS = YES_ERROR;
				CLANG_WARN_QUOTED_INCLUDE_IN_FRAMEWORK_HEADER = YES;
				CLANG_WARN_RANGE_LOOP_ANALYSIS = YES;
				CLANG_WARN_STRICT_PROTOTYPES = YES;
				CLANG_WARN_SUSPICIOUS_MOVE = YES;
				CLANG_WARN_UNGUARDED_AVAILABILITY = YES_AGGRESSIVE;
				CLANG_WARN_UNREACHABLE_CODE = YES;
				CLANG_WARN__DUPLICATE_METHOD_MATCH = YES;
				COPY_PHASE_STRIP = NO;
				DEBUG_INFORMATION_FORMAT = dwarf;
				DEVELOPMENT_TEAM = 527628X4YU;
				ENABLE_STRICT_OBJC_MSGSEND = YES;
				ENABLE_TESTABILITY = YES;
				ENABLE_USER_SCRIPT_SANDBOXING = YES;
				GCC_C_LANGUAGE_STANDARD = gnu17;
				GCC_DYNAMIC_NO_PIC = NO;
				GCC_NO_COMMON_BLOCKS = YES;
				GCC_OPTIMIZATION_LEVEL = 0;
				GCC_PREPROCESSOR_DEFINITIONS = (
					"DEBUG=1",
					"$(inherited)",
				);
				GCC_WARN_64_TO_32_BIT_CONVERSION = YES;
				GCC_WARN_ABOUT_RETURN_TYPE = YES_ERROR;
				GCC_WARN_UNDECLARED_SELECTOR = YES;
				GCC_WARN_UNINITIALIZED_AUTOS = YES_AGGRESSIVE;
				GCC_WARN_UNUSED_FUNCTION = YES;
				GCC_WARN_UNUSED_VARIABLE = YES;
				IPHONEOS_DEPLOYMENT_TARGET = 18.5;
				LOCALIZATION_PREFERS_STRING_CATALOGS = YES;
				MTL_ENABLE_DEBUG_INFO = INCLUDE_SOURCE;
				MTL_FAST_MATH = YES;
				ONLY_ACTIVE_ARCH = YES;
				SDKROOT = iphoneos;
				SWIFT_ACTIVE_COMPILATION_CONDITIONS = "DEBUG $(inherited)";
				SWIFT_OPTIMIZATION_LEVEL = "-Onone";
			};
			name = Debug;
		};
		AB059F0C2E76F17C00CE05EC /* Release */ = {
			isa = XCBuildConfiguration;
			buildSettings = {
				ALWAYS_SEARCH_USER_PATHS = NO;
				ASSETCATALOG_COMPILER_GENERATE_SWIFT_ASSET_SYMBOL_EXTENSIONS = YES;
				CLANG_ANALYZER_NONNULL = YES;
				CLANG_ANALYZER_NUMBER_OBJECT_CONVERSION = YES_AGGRESSIVE;
				CLANG_CXX_LANGUAGE_STANDARD = "gnu++20";
				CLANG_ENABLE_MODULES = YES;
				CLANG_ENABLE_OBJC_ARC = YES;
				CLANG_ENABLE_OBJC_WEAK = YES;
				CLANG_WARN_BLOCK_CAPTURE_AUTORELEASING = YES;
				CLANG_WARN_BOOL_CONVERSION = YES;
				CLANG_WARN_COMMA = YES;
				CLANG_WARN_CONSTANT_CONVERSION = YES;
				CLANG_WARN_DEPRECATED_OBJC_IMPLEMENTATIONS = YES;
				CLANG_WARN_DIRECT_OBJC_ISA_USAGE = YES_ERROR;
				CLANG_WARN_DOCUMENTATION_COMMENTS = YES;
				CLANG_WARN_EMPTY_BODY = YES;
				CLANG_WARN_ENUM_CONVERSION = YES;
				CLANG_WARN_INFINITE_RECURSION = YES;
				CLANG_WARN_INT_CONVERSION = YES;
				CLANG_WARN_NON_LITERAL_NULL_CONVERSION = YES;
				CLANG_WARN_OBJC_IMPLICIT_RETAIN_SELF = YES;
				CLANG_WARN_OBJC_LITERAL_CONVERSION = YES;
				CLANG_WARN_OBJC_ROOT_CLASS = YES_ERROR;
				CLANG_WARN_QUOTED_INCLUDE_IN_FRAMEWORK_HEADER = YES;
				CLANG_WARN_RANGE_LOOP_ANALYSIS = YES;
				CLANG_WARN_STRICT_PROTOTYPES = YES;
				CLANG_WARN_SUSPICIOUS_MOVE = YES;
				CLANG_WARN_UNGUARDED_AVAILABILITY = YES_AGGRESSIVE;
				CLANG_WARN_UNREACHABLE_CODE = YES;
				CLANG_WARN__DUPLICATE_METHOD_MATCH = YES;
				COPY_PHASE_STRIP = NO;
				DEBUG_INFORMATION_FORMAT = "dwarf-with-dsym";
				DEVELOPMENT_TEAM = 527628X4YU;
				ENABLE_NS_ASSERTIONS = NO;
				ENABLE_STRICT_OBJC_MSGSEND = YES;
				ENABLE_USER_SCRIPT_SANDBOXING = YES;
				GCC_C_LANGUAGE_STANDARD = gnu17;
				GCC_NO_COMMON_BLOCKS = YES;
				GCC_WARN_64_TO_32_BIT_CONVERSION = YES;
				GCC_WARN_ABOUT_RETURN_TYPE = YES_ERROR;
				GCC_WARN_UNDECLARED_SELECTOR = YES;
				GCC_WARN_UNINITIALIZED_AUTOS = YES_AGGRESSIVE;
				GCC_WARN_UNUSED_FUNCTION = YES;
				GCC_WARN_UNUSED_VARIABLE = YES;
				IPHONEOS_DEPLOYMENT_TARGET = 18.5;
				LOCALIZATION_PREFERS_STRING_CATALOGS = YES;
				MTL_ENABLE_DEBUG_INFO = NO;
				MTL_FAST_MATH = YES;
				SDKROOT = iphoneos;
				SWIFT_COMPILATION_MODE = wholemodule;
				VALIDATE_PRODUCT = YES;
			};
			name = Release;
		};
		AB059F0E2E76F17C00CE05EC /* Debug */ = {
			isa = XCBuildConfiguration;
			buildSettings = {
				ASSETCATALOG_COMPILER_APPICON_NAME = AppIcon;
				ASSETCATALOG_COMPILER_GLOBAL_ACCENT_COLOR_NAME = AccentColor;
				CODE_SIGN_STYLE = Automatic;
				CURRENT_PROJECT_VERSION = 1;
				DEVELOPMENT_TEAM = 527628X4YU;
				GENERATE_INFOPLIST_FILE = YES;
				INFOPLIST_KEY_UIApplicationSupportsIndirectInputEvents = YES;
				INFOPLIST_KEY_UILaunchStoryboardName = LaunchScreen;
				INFOPLIST_KEY_UIMainStoryboardFile = Main;
				INFOPLIST_KEY_UIStatusBarHidden = YES;
				INFOPLIST_KEY_UISupportedInterfaceOrientations_iPad = "UIInterfaceOrientationPortrait UIInterfaceOrientationPortraitUpsideDown UIInterfaceOrientationLandscapeLeft UIInterfaceOrientationLandscapeRight";
				INFOPLIST_KEY_UISupportedInterfaceOrientations_iPhone = "UIInterfaceOrientationPortrait UIInterfaceOrientationLandscapeLeft UIInterfaceOrientationLandscapeRight";
				LD_RUNPATH_SEARCH_PATHS = (
					"$(inherited)",
					"@executable_path/Frameworks",
				);
				MARKETING_VERSION = 1.0;
				PRODUCT_BUNDLE_IDENTIFIER = "com.mykhailokandaurov.Hopper--Rise-Up";
				PRODUCT_NAME = "$(TARGET_NAME)";
				SWIFT_EMIT_LOC_STRINGS = YES;
				SWIFT_VERSION = 5.0;
				TARGETED_DEVICE_FAMILY = "1,2";
			};
			name = Debug;
		};
		AB059F0F2E76F17C00CE05EC /* Release */ = {
			isa = XCBuildConfiguration;
			buildSettings = {
				ASSETCATALOG_COMPILER_APPICON_NAME = AppIcon;
				ASSETCATALOG_COMPILER_GLOBAL_ACCENT_COLOR_NAME = AccentColor;
				CODE_SIGN_STYLE = Automatic;
				CURRENT_PROJECT_VERSION = 1;
				DEVELOPMENT_TEAM = 527628X4YU;
				GENERATE_INFOPLIST_FILE = YES;
				INFOPLIST_KEY_UIApplicationSupportsIndirectInputEvents = YES;
				INFOPLIST_KEY_UILaunchStoryboardName = LaunchScreen;
				INFOPLIST_KEY_UIMainStoryboardFile = Main;
				INFOPLIST_KEY_UIStatusBarHidden = YES;
				INFOPLIST_KEY_UISupportedInterfaceOrientations_iPad = "UIInterfaceOrientationPortrait UIInterfaceOrientationPortraitUpsideDown UIInterfaceOrientationLandscapeLeft UIInterfaceOrientationLandscapeRight";
				INFOPLIST_KEY_UISupportedInterfaceOrientations_iPhone = "UIInterfaceOrientationPortrait UIInterfaceOrientationLandscapeLeft UIInterfaceOrientationLandscapeRight";
				LD_RUNPATH_SEARCH_PATHS = (
					"$(inherited)",
					"@executable_path/Frameworks",
				);
				MARKETING_VERSION = 1.0;
				PRODUCT_BUNDLE_IDENTIFIER = "com.mykhailokandaurov.Hopper--Rise-Up";
				PRODUCT_NAME = "$(TARGET_NAME)";
				SWIFT_EMIT_LOC_STRINGS = YES;
				SWIFT_VERSION = 5.0;
				TARGETED_DEVICE_FAMILY = "1,2";
			};
			name = Release;
		};
		AB059F112E76F17C00CE05EC /* Debug */ = {
			isa = XCBuildConfiguration;
			buildSettings = {
				BUNDLE_LOADER = "$(TEST_HOST)";
				CODE_SIGN_STYLE = Automatic;
				CURRENT_PROJECT_VERSION = 1;
				DEVELOPMENT_TEAM = 527628X4YU;
				GENERATE_INFOPLIST_FILE = YES;
				IPHONEOS_DEPLOYMENT_TARGET = 18.5;
				MARKETING_VERSION = 1.0;
				PRODUCT_BUNDLE_IDENTIFIER = "com.mykhailokandaurov.Hopper--Rise-UpTests";
				PRODUCT_NAME = "$(TARGET_NAME)";
				SWIFT_EMIT_LOC_STRINGS = NO;
				SWIFT_VERSION = 5.0;
				TARGETED_DEVICE_FAMILY = "1,2";
				TEST_HOST = "$(BUILT_PRODUCTS_DIR)/Hopper: Rise Up.app/$(BUNDLE_EXECUTABLE_FOLDER_PATH)/Hopper: Rise Up";
			};
			name = Debug;
		};
		AB059F122E76F17C00CE05EC /* Release */ = {
			isa = XCBuildConfiguration;
			buildSettings = {
				BUNDLE_LOADER = "$(TEST_HOST)";
				CODE_SIGN_STYLE = Automatic;
				CURRENT_PROJECT_VERSION = 1;
				DEVELOPMENT_TEAM = 527628X4YU;
				GENERATE_INFOPLIST_FILE = YES;
				IPHONEOS_DEPLOYMENT_TARGET = 18.5;
				MARKETING_VERSION = 1.0;
				PRODUCT_BUNDLE_IDENTIFIER = "com.mykhailokandaurov.Hopper--Rise-UpTests";
				PRODUCT_NAME = "$(TARGET_NAME)";
				SWIFT_EMIT_LOC_STRINGS = NO;
				SWIFT_VERSION = 5.0;
				TARGETED_DEVICE_FAMILY = "1,2";
				TEST_HOST = "$(BUILT_PRODUCTS_DIR)/Hopper: Rise Up.app/$(BUNDLE_EXECUTABLE_FOLDER_PATH)/Hopper: Rise Up";
			};
			name = Release;
		};
		AB059F142E76F17C00CE05EC /* Debug */ = {
			isa = XCBuildConfiguration;
			buildSettings = {
				CODE_SIGN_STYLE = Automatic;
				CURRENT_PROJECT_VERSION = 1;
				DEVELOPMENT_TEAM = 527628X4YU;
				GENERATE_INFOPLIST_FILE = YES;
				MARKETING_VERSION = 1.0;
				PRODUCT_BUNDLE_IDENTIFIER = "com.mykhailokandaurov.Hopper--Rise-UpUITests";
				PRODUCT_NAME = "$(TARGET_NAME)";
				SWIFT_EMIT_LOC_STRINGS = NO;
				SWIFT_VERSION = 5.0;
				TARGETED_DEVICE_FAMILY = "1,2";
				TEST_TARGET_NAME = "Hopper: Rise Up";
			};
			name = Debug;
		};
		AB059F152E76F17C00CE05EC /* Release */ = {
			isa = XCBuildConfiguration;
			buildSettings = {
				CODE_SIGN_STYLE = Automatic;
				CURRENT_PROJECT_VERSION = 1;
				DEVELOPMENT_TEAM = 527628X4YU;
				GENERATE_INFOPLIST_FILE = YES;
				MARKETING_VERSION = 1.0;
				PRODUCT_BUNDLE_IDENTIFIER = "com.mykhailokandaurov.Hopper--Rise-UpUITests";
				PRODUCT_NAME = "$(TARGET_NAME)";
				SWIFT_EMIT_LOC_STRINGS = NO;
				SWIFT_VERSION = 5.0;
				TARGETED_DEVICE_FAMILY = "1,2";
				TEST_TARGET_NAME = "Hopper: Rise Up";
			};
			name = Release;
		};
/* End XCBuildConfiguration section */

/* Begin XCConfigurationList section */
		AB059EDB2E76F17A00CE05EC /* Build configuration list for PBXProject "Hopper: Rise Up" */ = {
			isa = XCConfigurationList;
			buildConfigurations = (
				AB059F0B2E76F17C00CE05EC /* Debug */,
				AB059F0C2E76F17C00CE05EC /* Release */,
			);
			defaultConfigurationIsVisible = 0;
			defaultConfigurationName = Release;
		};
		AB059F0D2E76F17C00CE05EC /* Build configuration list for PBXNativeTarget "Hopper: Rise Up" */ = {
			isa = XCConfigurationList;
			buildConfigurations = (
				AB059F0E2E76F17C00CE05EC /* Debug */,
				AB059F0F2E76F17C00CE05EC /* Release */,
			);
			defaultConfigurationIsVisible = 0;
			defaultConfigurationName = Release;
		};
		AB059F102E76F17C00CE05EC /* Build configuration list for PBXNativeTarget "Hopper: Rise UpTests" */ = {
			isa = XCConfigurationList;
			buildConfigurations = (
				AB059F112E76F17C00CE05EC /* Debug */,
				AB059F122E76F17C00CE05EC /* Release */,
			);
			defaultConfigurationIsVisible = 0;
			defaultConfigurationName = Release;
		};
		AB059F132E76F17C00CE05EC /* Build configuration list for PBXNativeTarget "Hopper: Rise UpUITests" */ = {
			isa = XCConfigurationList;
			buildConfigurations = (
				AB059F142E76F17C00CE05EC /* Debug */,
				AB059F152E76F17C00CE05EC /* Release */,
			);
			defaultConfigurationIsVisible = 0;
			defaultConfigurationName = Release;
		};
/* End XCConfigurationList section */
	};
	rootObject = AB059ED82E76F17A00CE05EC /* Project object */;
}
